
Microsoft Visual Studio Solution File, Format Version 12.00
# Visual Studio 15
VisualStudioVersion = 15.0.26430.12
MinimumVisualStudioVersion = 10.0.40219.1
Project("{2150E333-8FDC-42A3-9474-1A3956D46DE8}") = "SolutionItems", "SolutionItems", "{BFFF951A-F652-4CB0-8FD3-E926033863EB}"
	ProjectSection(SolutionItems) = preProject
		..\docs\.Net Dev.mmap = ..\docs\.Net Dev.mmap
		..\docs\Note.txt = ..\docs\Note.txt
	EndProjectSection
EndProject
Project("{2150E333-8FDC-42A3-9474-1A3956D46DE8}") = "Exercises", "Exercises", "{B8D46539-00C3-4754-979C-4CB2DC2DD39B}"
	ProjectSection(SolutionItems) = preProject
		Employee-Homework.txt = Employee-Homework.txt
		Employee.txt = Employee.txt
		Lession0.txt = Lession0.txt
		Lesson1-Homework.txt = Lesson1-Homework.txt
		Lesson1.txt = Lesson1.txt
		Lesson2.txt = Lesson2.txt
	EndProjectSection
EndProject
Project("{2150E333-8FDC-42A3-9474-1A3956D46DE8}") = "Homework", "Homework", "{75EE06E1-5C04-4D12-B926-125767FFB202}"
EndProject
Project("{FAE04EC0-301F-11D3-BF4B-00C04F79EFBC}") = "Practice.Problems", "Practice\Practice.Problems.csproj", "{D885010E-B5F8-4FB8-8DC0-070E7BAC5193}"
EndProject
Project("{FAE04EC0-301F-11D3-BF4B-00C04F79EFBC}") = "Practice.App", "Practice.App\Practice.App.csproj", "{29E7B616-20FC-4E68-B64F-CAF0C527BE20}"
EndProject
Project("{FAE04EC0-301F-11D3-BF4B-00C04F79EFBC}") = "Practice.Tests", "Practice.Tests\Practice.Tests.csproj", "{092D0B86-365C-4C9E-B9C6-B3D628EAFB97}"
EndProject
Project("{FAE04EC0-301F-11D3-BF4B-00C04F79EFBC}") = "Multiples-of-3-and-5", "Multiples-of-3-and-5\Multiples-of-3-and-5.csproj", "{F191CA4A-F7E9-42B5-B18A-6C20559BEF73}"
EndProject
Project("{2150E333-8FDC-42A3-9474-1A3956D46DE8}") = "Lessons", "Lessons", "{4FE617C5-CAEB-449B-B6DA-8764D22266EF}"
EndProject
Project("{FAE04EC0-301F-11D3-BF4B-00C04F79EFBC}") = "Lesson1", "Lesson1\Lesson1.csproj", "{D40E7025-DF20-455D-94D6-F8C444DB3FE9}"
EndProject
Project("{FAE04EC0-301F-11D3-BF4B-00C04F79EFBC}") = "Lesson2", "Lesson2\Lesson2.csproj", "{EE440B26-DC30-43AB-9C7C-E6AEB7DE795C}"
EndProject
Project("{2150E333-8FDC-42A3-9474-1A3956D46DE8}") = "Wpf", "Wpf", "{6986C286-38F5-487A-A73B-689EB092B590}"
EndProject
Project("{FAE04EC0-301F-11D3-BF4B-00C04F79EFBC}") = "SimpleForm", "SimpleForm\SimpleForm.csproj", "{0DAC8BAC-FA05-4A99-B050-1AA721ED2BB6}"
EndProject
Project("{FAE04EC0-301F-11D3-BF4B-00C04F79EFBC}") = "Lesson3", "Lesson3\Lesson3.csproj", "{6AF4731A-5E3B-46AF-8CFC-834EBF527694}"
EndProject
Project("{2150E333-8FDC-42A3-9474-1A3956D46DE8}") = "Shared", "Shared", "{E88F3274-3B09-4B45-ACA9-1DDE54A8D910}"
EndProject
Project("{FAE04EC0-301F-11D3-BF4B-00C04F79EFBC}") = "MyCountry", "MyCountry\MyCountry.csproj", "{B915DC64-6DF6-4C08-866A-3081636D690E}"
EndProject
Project("{2150E333-8FDC-42A3-9474-1A3956D46DE8}") = "Winform", "Winform", "{D2EF2BC9-FB83-4A78-AE2A-DD879450D5BC}"
EndProject
Project("{FAE04EC0-301F-11D3-BF4B-00C04F79EFBC}") = "MyCountryApp", "MyCountryApp\MyCountryApp.csproj", "{2C5A31ED-9B20-4E87-A6C7-28AC51428D51}"
EndProject
Global
	GlobalSection(SolutionConfigurationPlatforms) = preSolution
		Debug|Any CPU = Debug|Any CPU
		Release|Any CPU = Release|Any CPU
	EndGlobalSection
	GlobalSection(ProjectConfigurationPlatforms) = postSolution
		{D885010E-B5F8-4FB8-8DC0-070E7BAC5193}.Debug|Any CPU.ActiveCfg = Debug|Any CPU
		{D885010E-B5F8-4FB8-8DC0-070E7BAC5193}.Debug|Any CPU.Build.0 = Debug|Any CPU
		{D885010E-B5F8-4FB8-8DC0-070E7BAC5193}.Release|Any CPU.ActiveCfg = Release|Any CPU
		{D885010E-B5F8-4FB8-8DC0-070E7BAC5193}.Release|Any CPU.Build.0 = Release|Any CPU
		{29E7B616-20FC-4E68-B64F-CAF0C527BE20}.Debug|Any CPU.ActiveCfg = Debug|Any CPU
		{29E7B616-20FC-4E68-B64F-CAF0C527BE20}.Debug|Any CPU.Build.0 = Debug|Any CPU
		{29E7B616-20FC-4E68-B64F-CAF0C527BE20}.Release|Any CPU.ActiveCfg = Release|Any CPU
		{29E7B616-20FC-4E68-B64F-CAF0C527BE20}.Release|Any CPU.Build.0 = Release|Any CPU
		{092D0B86-365C-4C9E-B9C6-B3D628EAFB97}.Debug|Any CPU.ActiveCfg = Debug|Any CPU
		{092D0B86-365C-4C9E-B9C6-B3D628EAFB97}.Debug|Any CPU.Build.0 = Debug|Any CPU
		{092D0B86-365C-4C9E-B9C6-B3D628EAFB97}.Release|Any CPU.ActiveCfg = Release|Any CPU
		{092D0B86-365C-4C9E-B9C6-B3D628EAFB97}.Release|Any CPU.Build.0 = Release|Any CPU
		{F191CA4A-F7E9-42B5-B18A-6C20559BEF73}.Debug|Any CPU.ActiveCfg = Debug|Any CPU
		{F191CA4A-F7E9-42B5-B18A-6C20559BEF73}.Debug|Any CPU.Build.0 = Debug|Any CPU
		{F191CA4A-F7E9-42B5-B18A-6C20559BEF73}.Release|Any CPU.ActiveCfg = Release|Any CPU
		{F191CA4A-F7E9-42B5-B18A-6C20559BEF73}.Release|Any CPU.Build.0 = Release|Any CPU
		{D40E7025-DF20-455D-94D6-F8C444DB3FE9}.Debug|Any CPU.ActiveCfg = Debug|Any CPU
		{D40E7025-DF20-455D-94D6-F8C444DB3FE9}.Debug|Any CPU.Build.0 = Debug|Any CPU
		{D40E7025-DF20-455D-94D6-F8C444DB3FE9}.Release|Any CPU.ActiveCfg = Release|Any CPU
		{D40E7025-DF20-455D-94D6-F8C444DB3FE9}.Release|Any CPU.Build.0 = Release|Any CPU
		{EE440B26-DC30-43AB-9C7C-E6AEB7DE795C}.Debug|Any CPU.ActiveCfg = Debug|Any CPU
		{EE440B26-DC30-43AB-9C7C-E6AEB7DE795C}.Debug|Any CPU.Build.0 = Debug|Any CPU
		{EE440B26-DC30-43AB-9C7C-E6AEB7DE795C}.Release|Any CPU.ActiveCfg = Release|Any CPU
		{EE440B26-DC30-43AB-9C7C-E6AEB7DE795C}.Release|Any CPU.Build.0 = Release|Any CPU
		{0DAC8BAC-FA05-4A99-B050-1AA721ED2BB6}.Debug|Any CPU.ActiveCfg = Debug|Any CPU
		{0DAC8BAC-FA05-4A99-B050-1AA721ED2BB6}.Debug|Any CPU.Build.0 = Debug|Any CPU
		{0DAC8BAC-FA05-4A99-B050-1AA721ED2BB6}.Release|Any CPU.ActiveCfg = Release|Any CPU
		{0DAC8BAC-FA05-4A99-B050-1AA721ED2BB6}.Release|Any CPU.Build.0 = Release|Any CPU
		{6AF4731A-5E3B-46AF-8CFC-834EBF527694}.Debug|Any CPU.ActiveCfg = Debug|Any CPU
		{6AF4731A-5E3B-46AF-8CFC-834EBF527694}.Debug|Any CPU.Build.0 = Debug|Any CPU
		{6AF4731A-5E3B-46AF-8CFC-834EBF527694}.Release|Any CPU.ActiveCfg = Release|Any CPU
		{6AF4731A-5E3B-46AF-8CFC-834EBF527694}.Release|Any CPU.Build.0 = Release|Any CPU
		{B915DC64-6DF6-4C08-866A-3081636D690E}.Debug|Any CPU.ActiveCfg = Debug|Any CPU
		{B915DC64-6DF6-4C08-866A-3081636D690E}.Debug|Any CPU.Build.0 = Debug|Any CPU
		{B915DC64-6DF6-4C08-866A-3081636D690E}.Release|Any CPU.ActiveCfg = Release|Any CPU
		{B915DC64-6DF6-4C08-866A-3081636D690E}.Release|Any CPU.Build.0 = Release|Any CPU
		{2C5A31ED-9B20-4E87-A6C7-28AC51428D51}.Debug|Any CPU.ActiveCfg = Debug|Any CPU
		{2C5A31ED-9B20-4E87-A6C7-28AC51428D51}.Debug|Any CPU.Build.0 = Debug|Any CPU
		{2C5A31ED-9B20-4E87-A6C7-28AC51428D51}.Release|Any CPU.ActiveCfg = Release|Any CPU
		{2C5A31ED-9B20-4E87-A6C7-28AC51428D51}.Release|Any CPU.Build.0 = Release|Any CPU
	EndGlobalSection
	GlobalSection(SolutionProperties) = preSolution
		HideSolutionNode = FALSE
	EndGlobalSection
	GlobalSection(NestedProjects) = preSolution
		{B8D46539-00C3-4754-979C-4CB2DC2DD39B} = {BFFF951A-F652-4CB0-8FD3-E926033863EB}
		{D885010E-B5F8-4FB8-8DC0-070E7BAC5193} = {75EE06E1-5C04-4D12-B926-125767FFB202}
		{29E7B616-20FC-4E68-B64F-CAF0C527BE20} = {75EE06E1-5C04-4D12-B926-125767FFB202}
		{092D0B86-365C-4C9E-B9C6-B3D628EAFB97} = {75EE06E1-5C04-4D12-B926-125767FFB202}
		{F191CA4A-F7E9-42B5-B18A-6C20559BEF73} = {75EE06E1-5C04-4D12-B926-125767FFB202}
		{D40E7025-DF20-455D-94D6-F8C444DB3FE9} = {4FE617C5-CAEB-449B-B6DA-8764D22266EF}
		{EE440B26-DC30-43AB-9C7C-E6AEB7DE795C} = {4FE617C5-CAEB-449B-B6DA-8764D22266EF}
		{0DAC8BAC-FA05-4A99-B050-1AA721ED2BB6} = {6986C286-38F5-487A-A73B-689EB092B590}
		{6AF4731A-5E3B-46AF-8CFC-834EBF527694} = {4FE617C5-CAEB-449B-B6DA-8764D22266EF}
		{B915DC64-6DF6-4C08-866A-3081636D690E} = {E88F3274-3B09-4B45-ACA9-1DDE54A8D910}
		{2C5A31ED-9B20-4E87-A6C7-28AC51428D51} = {D2EF2BC9-FB83-4A78-AE2A-DD879450D5BC}
	EndGlobalSection
EndGlobal
